
Microsoft Visual Studio Solution File, Format Version 12.00
# Visual Studio Version 17
VisualStudioVersion = 17.5.33627.172
MinimumVisualStudioVersion = 10.0.40219.1
Project("{FAE04EC0-301F-11D3-BF4B-00C04F79EFBC}") = "cocop", "cocop\cocop.csproj", "{F599F291-C2F4-4700-96BE-CDEE11616CAE}"
EndProject
Global
	GlobalSection(SolutionConfigurationPlatforms) = preSolution
		Debug|Any CPU = Debug|Any CPU
		Release|Any CPU = Release|Any CPU
	EndGlobalSection
	GlobalSection(ProjectConfigurationPlatforms) = postSolution
		{F599F291-C2F4-4700-96BE-CDEE11616CAE}.Debug|Any CPU.ActiveCfg = Debug|Any CPU
		{F599F291-C2F4-4700-96BE-CDEE11616CAE}.Debug|Any CPU.Build.0 = Debug|Any CPU
		{F599F291-C2F4-4700-96BE-CDEE11616CAE}.Release|Any CPU.ActiveCfg = Release|Any CPU
		{F599F291-C2F4-4700-96BE-CDEE11616CAE}.Release|Any CPU.Build.0 = Release|Any CPU
	EndGlobalSection
	GlobalSection(SolutionProperties) = preSolution
		HideSolutionNode = FALSE
	EndGlobalSection
	GlobalSection(ExtensibilityGlobals) = postSolution
		SolutionGuid = {0EFC92BA-B67A-4DAB-A523-DA2B186D1B2F}
	EndGlobalSection
EndGlobal
